
Microsoft Visual Studio Solution File, Format Version 11.00
# Visual Studio 2010
Project("{2150E333-8FDC-42A3-9474-1A3956D46DE8}") = "SharedFiles", "SharedFiles", "{1AA92940-0B90-42B2-8E7B-A85F6248FB94}"
	ProjectSection(SolutionItems) = preProject
		build.bat = build.bat
		src\SharedFiles\CodeAnalysisDictionary.xml = src\SharedFiles\CodeAnalysisDictionary.xml
		src\SharedFiles\CommonAssemblyInfo.cs = src\SharedFiles\CommonAssemblyInfo.cs
		InstallPackages.bat = InstallPackages.bat
		license.txt = license.txt
		MvcExtensions.build = MvcExtensions.build
		src\SharedFiles\MvcExtensions.snk = src\SharedFiles\MvcExtensions.snk
	EndProjectSection
EndProject
Project("{2150E333-8FDC-42A3-9474-1A3956D46DE8}") = "Core", "Core", "{49678BD9-5D80-4CA7-A366-47B96EAE5383}"
EndProject
Project("{FAE04EC0-301F-11D3-BF4B-00C04F79EFBC}") = "MvcExtensions", "src\MvcExtensions\MvcExtensions.csproj", "{36D776AA-6B96-4D33-B7B5-7F4A5376DD37}"
EndProject
Project("{FAE04EC0-301F-11D3-BF4B-00C04F79EFBC}") = "MvcExtensions.Tests", "src\MvcExtensions.Tests\MvcExtensions.Tests.csproj", "{C421EA3B-E104-41A4-97C6-E2FFAFD8D967}"
EndProject
Global
	GlobalSection(SolutionConfigurationPlatforms) = preSolution
		Debug|Any CPU = Debug|Any CPU
		Release|Any CPU = Release|Any CPU
	EndGlobalSection
	GlobalSection(ProjectConfigurationPlatforms) = postSolution
		{36D776AA-6B96-4D33-B7B5-7F4A5376DD37}.Debug|Any CPU.ActiveCfg = Debug|Any CPU
		{36D776AA-6B96-4D33-B7B5-7F4A5376DD37}.Debug|Any CPU.Build.0 = Debug|Any CPU
		{36D776AA-6B96-4D33-B7B5-7F4A5376DD37}.Release|Any CPU.ActiveCfg = Release|Any CPU
		{36D776AA-6B96-4D33-B7B5-7F4A5376DD37}.Release|Any CPU.Build.0 = Release|Any CPU
		{C421EA3B-E104-41A4-97C6-E2FFAFD8D967}.Debug|Any CPU.ActiveCfg = Debug|Any CPU
		{C421EA3B-E104-41A4-97C6-E2FFAFD8D967}.Debug|Any CPU.Build.0 = Debug|Any CPU
		{C421EA3B-E104-41A4-97C6-E2FFAFD8D967}.Release|Any CPU.ActiveCfg = Release|Any CPU
		{C421EA3B-E104-41A4-97C6-E2FFAFD8D967}.Release|Any CPU.Build.0 = Release|Any CPU
	EndGlobalSection
	GlobalSection(SolutionProperties) = preSolution
		HideSolutionNode = FALSE
	EndGlobalSection
	GlobalSection(NestedProjects) = preSolution
		{36D776AA-6B96-4D33-B7B5-7F4A5376DD37} = {49678BD9-5D80-4CA7-A366-47B96EAE5383}
		{C421EA3B-E104-41A4-97C6-E2FFAFD8D967} = {49678BD9-5D80-4CA7-A366-47B96EAE5383}
	EndGlobalSection
	GlobalSection(ExtensibilityGlobals) = postSolution
		EnterpriseLibraryConfigurationToolBinariesPath = packages\Unity.2.1.505.0\lib\NET35
	EndGlobalSection
EndGlobal
