
Microsoft Visual Studio Solution File, Format Version 11.00
# Visual Studio 2010
Project("{FAE04EC0-301F-11D3-BF4B-00C04F79EFBC}") = "MvcExtensions", "MvcExtensions\MvcExtensions.csproj", "{36D776AA-6B96-4D33-B7B5-7F4A5376DD37}"
EndProject
Project("{FAE04EC0-301F-11D3-BF4B-00C04F79EFBC}") = "MvcExtensions.Scaffolding.EntityFramework", "MvcExtensions.Scaffolding.EntityFramework\MvcExtensions.Scaffolding.EntityFramework.csproj", "{1BED6D8F-1DB0-45E7-A90D-43687652C33A}"
EndProject
Project("{FAE04EC0-301F-11D3-BF4B-00C04F79EFBC}") = "MvcExtensions.Scaffolding.EntityFramework.Tests", "MvcExtensions.Scaffolding.EntityFramework.Tests\MvcExtensions.Scaffolding.EntityFramework.Tests.csproj", "{633E47A3-AB5E-48CB-A9B6-B75841F751C7}"
EndProject
Project("{FAE04EC0-301F-11D3-BF4B-00C04F79EFBC}") = "MvcExtensions.StructureMap", "MvcExtensions.StructureMap\MvcExtensions.StructureMap.csproj", "{7CB6A974-A4C1-4C44-A880-C344A2B16539}"
EndProject
Project("{FAE04EC0-301F-11D3-BF4B-00C04F79EFBC}") = "Demo.Web.Scaffolding.EntityFramework", "Sample\Demo.Web.Scaffolding.EntityFramework\Demo.Web.Scaffolding.EntityFramework.csproj", "{A1CD7536-2DE3-414D-B55D-E87CFE946CE6}"
EndProject
Global
	GlobalSection(SolutionConfigurationPlatforms) = preSolution
		Debug|Any CPU = Debug|Any CPU
		Release|Any CPU = Release|Any CPU
	EndGlobalSection
	GlobalSection(ProjectConfigurationPlatforms) = postSolution
		{36D776AA-6B96-4D33-B7B5-7F4A5376DD37}.Debug|Any CPU.ActiveCfg = Debug|Any CPU
		{36D776AA-6B96-4D33-B7B5-7F4A5376DD37}.Debug|Any CPU.Build.0 = Debug|Any CPU
		{36D776AA-6B96-4D33-B7B5-7F4A5376DD37}.Release|Any CPU.ActiveCfg = Release|Any CPU
		{36D776AA-6B96-4D33-B7B5-7F4A5376DD37}.Release|Any CPU.Build.0 = Release|Any CPU
		{1BED6D8F-1DB0-45E7-A90D-43687652C33A}.Debug|Any CPU.ActiveCfg = Debug|Any CPU
		{1BED6D8F-1DB0-45E7-A90D-43687652C33A}.Debug|Any CPU.Build.0 = Debug|Any CPU
		{1BED6D8F-1DB0-45E7-A90D-43687652C33A}.Release|Any CPU.ActiveCfg = Release|Any CPU
		{1BED6D8F-1DB0-45E7-A90D-43687652C33A}.Release|Any CPU.Build.0 = Release|Any CPU
		{633E47A3-AB5E-48CB-A9B6-B75841F751C7}.Debug|Any CPU.ActiveCfg = Debug|Any CPU
		{633E47A3-AB5E-48CB-A9B6-B75841F751C7}.Debug|Any CPU.Build.0 = Debug|Any CPU
		{633E47A3-AB5E-48CB-A9B6-B75841F751C7}.Release|Any CPU.ActiveCfg = Release|Any CPU
		{633E47A3-AB5E-48CB-A9B6-B75841F751C7}.Release|Any CPU.Build.0 = Release|Any CPU
		{7CB6A974-A4C1-4C44-A880-C344A2B16539}.Debug|Any CPU.ActiveCfg = Debug|Any CPU
		{7CB6A974-A4C1-4C44-A880-C344A2B16539}.Debug|Any CPU.Build.0 = Debug|Any CPU
		{7CB6A974-A4C1-4C44-A880-C344A2B16539}.Release|Any CPU.ActiveCfg = Release|Any CPU
		{7CB6A974-A4C1-4C44-A880-C344A2B16539}.Release|Any CPU.Build.0 = Release|Any CPU
		{A1CD7536-2DE3-414D-B55D-E87CFE946CE6}.Debug|Any CPU.ActiveCfg = Debug|Any CPU
		{A1CD7536-2DE3-414D-B55D-E87CFE946CE6}.Debug|Any CPU.Build.0 = Debug|Any CPU
		{A1CD7536-2DE3-414D-B55D-E87CFE946CE6}.Release|Any CPU.ActiveCfg = Release|Any CPU
		{A1CD7536-2DE3-414D-B55D-E87CFE946CE6}.Release|Any CPU.Build.0 = Release|Any CPU
	EndGlobalSection
	GlobalSection(SolutionProperties) = preSolution
		HideSolutionNode = FALSE
	EndGlobalSection
EndGlobal
